// !$*UTF8*$!
{
	archiveVersion = 1;
	classes = {
	};
	objectVersion = 46;
	objects = {

/* Begin PBXBuildFile section */
		7860A2FE1BF3058000D5E8A2 /* FirstPageController.m in Sources */ = {isa = PBXBuildFile; fileRef = 7860A2FD1BF3058000D5E8A2 /* FirstPageController.m */; };
		7860A3011BF305B100D5E8A2 /* SecondPageViewController.m in Sources */ = {isa = PBXBuildFile; fileRef = 7860A3001BF305B100D5E8A2 /* SecondPageViewController.m */; };
		78773D8C1BDDF8FF0018EC6E /* main.m in Sources */ = {isa = PBXBuildFile; fileRef = 78773D8B1BDDF8FF0018EC6E /* main.m */; };
		78773D8F1BDDF8FF0018EC6E /* AppDelegate.m in Sources */ = {isa = PBXBuildFile; fileRef = 78773D8E1BDDF8FF0018EC6E /* AppDelegate.m */; };
		78773D951BDDF8FF0018EC6E /* Main.storyboard in Resources */ = {isa = PBXBuildFile; fileRef = 78773D931BDDF8FF0018EC6E /* Main.storyboard */; };
		78773D971BDDF8FF0018EC6E /* Images.xcassets in Resources */ = {isa = PBXBuildFile; fileRef = 78773D961BDDF8FF0018EC6E /* Images.xcassets */; };
		78773D9A1BDDF8FF0018EC6E /* LaunchScreen.xib in Resources */ = {isa = PBXBuildFile; fileRef = 78773D981BDDF8FF0018EC6E /* LaunchScreen.xib */; };
		78773DA61BDDF8FF0018EC6E /* BJNotificationTests.m in Sources */ = {isa = PBXBuildFile; fileRef = 78773DA51BDDF8FF0018EC6E /* BJNotificationTests.m */; };
		78B0D5E81BDF4A5800D3472E /* BJNotification.m in Sources */ = {isa = PBXBuildFile; fileRef = 78B0D5E71BDF4A5800D3472E /* BJNotification.m */; };
/* End PBXBuildFile section */

/* Begin PBXContainerItemProxy section */
		78773DA01BDDF8FF0018EC6E /* PBXContainerItemProxy */ = {
			isa = PBXContainerItemProxy;
			containerPortal = 78773D7E1BDDF8FF0018EC6E /* Project object */;
			proxyType = 1;
			remoteGlobalIDString = 78773D851BDDF8FF0018EC6E;
			remoteInfo = BJNotification;
		};
/* End PBXContainerItemProxy section */

/* Begin PBXFileReference section */
		7860A2FC1BF3058000D5E8A2 /* FirstPageController.h */ = {isa = PBXFileReference; fileEncoding = 4; lastKnownFileType = sourcecode.c.h; path = FirstPageController.h; sourceTree = "<group>"; };
		7860A2FD1BF3058000D5E8A2 /* FirstPageController.m */ = {isa = PBXFileReference; fileEncoding = 4; lastKnownFileType = sourcecode.c.objc; path = FirstPageController.m; sourceTree = "<group>"; };
		7860A2FF1BF305B100D5E8A2 /* SecondPageViewController.h */ = {isa = PBXFileReference; fileEncoding = 4; lastKnownFileType = sourcecode.c.h; path = SecondPageViewController.h; sourceTree = "<group>"; };
		7860A3001BF305B100D5E8A2 /* SecondPageViewController.m */ = {isa = PBXFileReference; fileEncoding = 4; lastKnownFileType = sourcecode.c.objc; path = SecondPageViewController.m; sourceTree = "<group>"; };
		78773D861BDDF8FF0018EC6E /* BJNotification.app */ = {isa = PBXFileReference; explicitFileType = wrapper.application; includeInIndex = 0; path = BJNotification.app; sourceTree = BUILT_PRODUCTS_DIR; };
		78773D8A1BDDF8FF0018EC6E /* Info.plist */ = {isa = PBXFileReference; lastKnownFileType = text.plist.xml; path = Info.plist; sourceTree = "<group>"; };
		78773D8B1BDDF8FF0018EC6E /* main.m */ = {isa = PBXFileReference; lastKnownFileType = sourcecode.c.objc; path = main.m; sourceTree = "<group>"; };
		78773D8D1BDDF8FF0018EC6E /* AppDelegate.h */ = {isa = PBXFileReference; lastKnownFileType = sourcecode.c.h; path = AppDelegate.h; sourceTree = "<group>"; };
		78773D8E1BDDF8FF0018EC6E /* AppDelegate.m */ = {isa = PBXFileReference; lastKnownFileType = sourcecode.c.objc; path = AppDelegate.m; sourceTree = "<group>"; };
		78773D941BDDF8FF0018EC6E /* Base */ = {isa = PBXFileReference; lastKnownFileType = file.storyboard; name = Base; path = Base.lproj/Main.storyboard; sourceTree = "<group>"; };
		78773D961BDDF8FF0018EC6E /* Images.xcassets */ = {isa = PBXFileReference; lastKnownFileType = folder.assetcatalog; path = Images.xcassets; sourceTree = "<group>"; };
		78773D991BDDF8FF0018EC6E /* Base */ = {isa = PBXFileReference; lastKnownFileType = file.xib; name = Base; path = Base.lproj/LaunchScreen.xib; sourceTree = "<group>"; };
		78773D9F1BDDF8FF0018EC6E /* BJNotificationTests.xctest */ = {isa = PBXFileReference; explicitFileType = wrapper.cfbundle; includeInIndex = 0; path = BJNotificationTests.xctest; sourceTree = BUILT_PRODUCTS_DIR; };
		78773DA41BDDF8FF0018EC6E /* Info.plist */ = {isa = PBXFileReference; lastKnownFileType = text.plist.xml; path = Info.plist; sourceTree = "<group>"; };
		78773DA51BDDF8FF0018EC6E /* BJNotificationTests.m */ = {isa = PBXFileReference; lastKnownFileType = sourcecode.c.objc; path = BJNotificationTests.m; sourceTree = "<group>"; };
		78B0D5E61BDF4A5800D3472E /* BJNotification.h */ = {isa = PBXFileReference; fileEncoding = 4; lastKnownFileType = sourcecode.c.h; path = BJNotification.h; sourceTree = "<group>"; };
		78B0D5E71BDF4A5800D3472E /* BJNotification.m */ = {isa = PBXFileReference; fileEncoding = 4; lastKnownFileType = sourcecode.c.objc; path = BJNotification.m; sourceTree = "<group>"; };
/* End PBXFileReference section */

/* Begin PBXFrameworksBuildPhase section */
		78773D831BDDF8FF0018EC6E /* Frameworks */ = {
			isa = PBXFrameworksBuildPhase;
			buildActionMask = 2147483647;
			files = (
			);
			runOnlyForDeploymentPostprocessing = 0;
		};
		78773D9C1BDDF8FF0018EC6E /* Frameworks */ = {
			isa = PBXFrameworksBuildPhase;
			buildActionMask = 2147483647;
			files = (
			);
			runOnlyForDeploymentPostprocessing = 0;
		};
/* End PBXFrameworksBuildPhase section */

/* Begin PBXGroup section */
		78773D7D1BDDF8FF0018EC6E = {
			isa = PBXGroup;
			children = (
				78773D881BDDF8FF0018EC6E /* BJNotification */,
				78773DA21BDDF8FF0018EC6E /* BJNotificationTests */,
				78773D871BDDF8FF0018EC6E /* Products */,
			);
			sourceTree = "<group>";
		};
		78773D871BDDF8FF0018EC6E /* Products */ = {
			isa = PBXGroup;
			children = (
				78773D861BDDF8FF0018EC6E /* BJNotification.app */,
				78773D9F1BDDF8FF0018EC6E /* BJNotificationTests.xctest */,
			);
			name = Products;
			sourceTree = "<group>";
		};
		78773D881BDDF8FF0018EC6E /* BJNotification */ = {
			isa = PBXGroup;
			children = (
				78773D8D1BDDF8FF0018EC6E /* AppDelegate.h */,
				78773D8E1BDDF8FF0018EC6E /* AppDelegate.m */,
				7860A2FC1BF3058000D5E8A2 /* FirstPageController.h */,
				7860A2FD1BF3058000D5E8A2 /* FirstPageController.m */,
				7860A2FF1BF305B100D5E8A2 /* SecondPageViewController.h */,
				7860A3001BF305B100D5E8A2 /* SecondPageViewController.m */,
				78B0D5E61BDF4A5800D3472E /* BJNotification.h */,
				78B0D5E71BDF4A5800D3472E /* BJNotification.m */,
				78773D931BDDF8FF0018EC6E /* Main.storyboard */,
				78773D961BDDF8FF0018EC6E /* Images.xcassets */,
				78773D981BDDF8FF0018EC6E /* LaunchScreen.xib */,
				78773D891BDDF8FF0018EC6E /* Supporting Files */,
			);
			path = BJNotification;
			sourceTree = "<group>";
		};
		78773D891BDDF8FF0018EC6E /* Supporting Files */ = {
			isa = PBXGroup;
			children = (
				78773D8A1BDDF8FF0018EC6E /* Info.plist */,
				78773D8B1BDDF8FF0018EC6E /* main.m */,
			);
			name = "Supporting Files";
			sourceTree = "<group>";
		};
		78773DA21BDDF8FF0018EC6E /* BJNotificationTests */ = {
			isa = PBXGroup;
			children = (
				78773DA51BDDF8FF0018EC6E /* BJNotificationTests.m */,
				78773DA31BDDF8FF0018EC6E /* Supporting Files */,
			);
			path = BJNotificationTests;
			sourceTree = "<group>";
		};
		78773DA31BDDF8FF0018EC6E /* Supporting Files */ = {
			isa = PBXGroup;
			children = (
				78773DA41BDDF8FF0018EC6E /* Info.plist */,
			);
			name = "Supporting Files";
			sourceTree = "<group>";
		};
/* End PBXGroup section */

/* Begin PBXNativeTarget section */
		78773D851BDDF8FF0018EC6E /* BJNotification */ = {
			isa = PBXNativeTarget;
			buildConfigurationList = 78773DA91BDDF8FF0018EC6E /* Build configuration list for PBXNativeTarget "BJNotification" */;
			buildPhases = (
				78773D821BDDF8FF0018EC6E /* Sources */,
				78773D831BDDF8FF0018EC6E /* Frameworks */,
				78773D841BDDF8FF0018EC6E /* Resources */,
			);
			buildRules = (
			);
			dependencies = (
			);
			name = BJNotification;
			productName = BJNotification;
			productReference = 78773D861BDDF8FF0018EC6E /* BJNotification.app */;
			productType = "com.apple.product-type.application";
		};
		78773D9E1BDDF8FF0018EC6E /* BJNotificationTests */ = {
			isa = PBXNativeTarget;
			buildConfigurationList = 78773DAC1BDDF8FF0018EC6E /* Build configuration list for PBXNativeTarget "BJNotificationTests" */;
			buildPhases = (
				78773D9B1BDDF8FF0018EC6E /* Sources */,
				78773D9C1BDDF8FF0018EC6E /* Frameworks */,
				78773D9D1BDDF8FF0018EC6E /* Resources */,
			);
			buildRules = (
			);
			dependencies = (
				78773DA11BDDF8FF0018EC6E /* PBXTargetDependency */,
			);
			name = BJNotificationTests;
			productName = BJNotificationTests;
			productReference = 78773D9F1BDDF8FF0018EC6E /* BJNotificationTests.xctest */;
			productType = "com.apple.product-type.bundle.unit-test";
		};
/* End PBXNativeTarget section */

/* Begin PBXProject section */
		78773D7E1BDDF8FF0018EC6E /* Project object */ = {
			isa = PBXProject;
			attributes = {
				LastSwiftUpdateCheck = 0710;
				LastUpgradeCheck = 0710;
				ORGANIZATIONNAME = beijiahiddink;
				TargetAttributes = {
					78773D851BDDF8FF0018EC6E = {
						CreatedOnToolsVersion = 6.4;
					};
					78773D9E1BDDF8FF0018EC6E = {
						CreatedOnToolsVersion = 6.4;
						TestTargetID = 78773D851BDDF8FF0018EC6E;
					};
				};
			};
			buildConfigurationList = 78773D811BDDF8FF0018EC6E /* Build configuration list for PBXProject "BJNotification" */;
			compatibilityVersion = "Xcode 3.2";
			developmentRegion = English;
			hasScannedForEncodings = 0;
			knownRegions = (
				en,
				Base,
			);
			mainGroup = 78773D7D1BDDF8FF0018EC6E;
			productRefGroup = 78773D871BDDF8FF0018EC6E /* Products */;
			projectDirPath = "";
			projectRoot = "";
			targets = (
				78773D851BDDF8FF0018EC6E /* BJNotification */,
				78773D9E1BDDF8FF0018EC6E /* BJNotificationTests */,
			);
		};
/* End PBXProject section */

/* Begin PBXResourcesBuildPhase section */
		78773D841BDDF8FF0018EC6E /* Resources */ = {
			isa = PBXResourcesBuildPhase;
			buildActionMask = 2147483647;
			files = (
				78773D951BDDF8FF0018EC6E /* Main.storyboard in Resources */,
				78773D9A1BDDF8FF0018EC6E /* LaunchScreen.xib in Resources */,
				78773D971BDDF8FF0018EC6E /* Images.xcassets in Resources */,
			);
			runOnlyForDeploymentPostprocessing = 0;
		};
		78773D9D1BDDF8FF0018EC6E /* Resources */ = {
			isa = PBXResourcesBuildPhase;
			buildActionMask = 2147483647;
			files = (
			);
			runOnlyForDeploymentPostprocessing = 0;
		};
/* End PBXResourcesBuildPhase section */

/* Begin PBXSourcesBuildPhase section */
		78773D821BDDF8FF0018EC6E /* Sources */ = {
			isa = PBXSourcesBuildPhase;
			buildActionMask = 2147483647;
			files = (
				7860A2FE1BF3058000D5E8A2 /* FirstPageController.m in Sources */,
				78B0D5E81BDF4A5800D3472E /* BJNotification.m in Sources */,
				7860A3011BF305B100D5E8A2 /* SecondPageViewController.m in Sources */,
				78773D8F1BDDF8FF0018EC6E /* AppDelegate.m in Sources */,
				78773D8C1BDDF8FF0018EC6E /* main.m in Sources */,
			);
			runOnlyForDeploymentPostprocessing = 0;
		};
		78773D9B1BDDF8FF0018EC6E /* Sources */ = {
			isa = PBXSourcesBuildPhase;
			buildActionMask = 2147483647;
			files = (
				78773DA61BDDF8FF0018EC6E /* BJNotificationTests.m in Sources */,
			);
			runOnlyForDeploymentPostprocessing = 0;
		};
/* End PBXSourcesBuildPhase section */

/* Begin PBXTargetDependency section */
		78773DA11BDDF8FF0018EC6E /* PBXTargetDependency */ = {
			isa = PBXTargetDependency;
			target = 78773D851BDDF8FF0018EC6E /* BJNotification */;
			targetProxy = 78773DA01BDDF8FF0018EC6E /* PBXContainerItemProxy */;
		};
/* End PBXTargetDependency section */

/* Begin PBXVariantGroup section */
		78773D931BDDF8FF0018EC6E /* Main.storyboard */ = {
			isa = PBXVariantGroup;
			children = (
				78773D941BDDF8FF0018EC6E /* Base */,
			);
			name = Main.storyboard;
			sourceTree = "<group>";
		};
		78773D981BDDF8FF0018EC6E /* LaunchScreen.xib */ = {
			isa = PBXVariantGroup;
			children = (
				78773D991BDDF8FF0018EC6E /* Base */,
			);
			name = LaunchScreen.xib;
			sourceTree = "<group>";
		};
/* End PBXVariantGroup section */

/* Begin XCBuildConfiguration section */
		78773DA71BDDF8FF0018EC6E /* Debug */ = {
			isa = XCBuildConfiguration;
			buildSettings = {
				ALWAYS_SEARCH_USER_PATHS = NO;
				CLANG_CXX_LANGUAGE_STANDARD = "gnu++0x";
				CLANG_CXX_LIBRARY = "libc++";
				CLANG_ENABLE_MODULES = YES;
				CLANG_ENABLE_OBJC_ARC = YES;
				CLANG_WARN_BOOL_CONVERSION = YES;
				CLANG_WARN_CONSTANT_CONVERSION = YES;
				CLANG_WARN_DIRECT_OBJC_ISA_USAGE = YES_ERROR;
				CLANG_WARN_EMPTY_BODY = YES;
				CLANG_WARN_ENUM_CONVERSION = YES;
				CLANG_WARN_INT_CONVERSION = YES;
				CLANG_WARN_OBJC_ROOT_CLASS = YES_ERROR;
				CLANG_WARN_UNREACHABLE_CODE = YES;
				CLANG_WARN__DUPLICATE_METHOD_MATCH = YES;
				"CODE_SIGN_IDENTITY[sdk=iphoneos*]" = "iPhone Developer";
				COPY_PHASE_STRIP = NO;
				DEBUG_INFORMATION_FORMAT = "dwarf-with-dsym";
				ENABLE_STRICT_OBJC_MSGSEND = YES;
				ENABLE_TESTABILITY = YES;
				GCC_C_LANGUAGE_STANDARD = gnu99;
				GCC_DYNAMIC_NO_PIC = NO;
				GCC_ENABLE_CPP_RTTI = YES;
				GCC_NO_COMMON_BLOCKS = YES;
				GCC_OPTIMIZATION_LEVEL = 0;
				GCC_PREPROCESSOR_DEFINITIONS = (
					"DEBUG=1",
					"$(inherited)",
				);
				GCC_SYMBOLS_PRIVATE_EXTERN = NO;
				GCC_WARN_64_TO_32_BIT_CONVERSION = YES;
				GCC_WARN_ABOUT_RETURN_TYPE = YES_ERROR;
				GCC_WARN_UNDECLARED_SELECTOR = YES;
				GCC_WARN_UNINITIALIZED_AUTOS = YES_AGGRESSIVE;
				GCC_WARN_UNUSED_FUNCTION = YES;
				GCC_WARN_UNUSED_VARIABLE = YES;
				IPHONEOS_DEPLOYMENT_TARGET = 7.0;
				MTL_ENABLE_DEBUG_INFO = YES;
				ONLY_ACTIVE_ARCH = YES;
				SDKROOT = iphoneos;
				TARGETED_DEVICE_FAMILY = "1,2";
			};
			name = Debug;
		};
		78773DA81BDDF8FF0018EC6E /* Release */ = {
			isa = XCBuildConfiguration;
			buildSettings = {
				ALWAYS_SEARCH_USER_PATHS = NO;
				CLANG_CXX_LANGUAGE_STANDARD = "gnu++0x";
				CLANG_CXX_LIBRARY = "libc++";
				CLANG_ENABLE_MODULES = YES;
				CLANG_ENABLE_OBJC_ARC = YES;
				CLANG_WARN_BOOL_CONVERSION = YES;
				CLANG_WARN_CONSTANT_CONVERSION = YES;
				CLANG_WARN_DIRECT_OBJC_ISA_USAGE = YES_ERROR;
				CLANG_WARN_EMPTY_BODY = YES;
				CLANG_WARN_ENUM_CONVERSION = YES;
				CLANG_WARN_INT_CONVERSION = YES;
				CLANG_WARN_OBJC_ROOT_CLASS = YES_ERROR;
				CLANG_WARN_UNREACHABLE_CODE = YES;
				CLANG_WARN__DUPLICATE_METHOD_MATCH = YES;
				"CODE_SIGN_IDENTITY[sdk=iphoneos*]" = "iPhone Developer";
				COPY_PHASE_STRIP = NO;
				DEBUG_INFORMATION_FORMAT = "dwarf-with-dsym";
				ENABLE_NS_ASSERTIONS = NO;
				ENABLE_STRICT_OBJC_MSGSEND = YES;
				GCC_C_LANGUAGE_STANDARD = gnu99;
				GCC_ENABLE_CPP_RTTI = YES;
				GCC_NO_COMMON_BLOCKS = YES;
				GCC_WARN_64_TO_32_BIT_CONVERSION = YES;
				GCC_WARN_ABOUT_RETURN_TYPE = YES_ERROR;
				GCC_WARN_UNDECLARED_SELECTOR = YES;
				GCC_WARN_UNINITIALIZED_AUTOS = YES_AGGRESSIVE;
				GCC_WARN_UNUSED_FUNCTION = YES;
				GCC_WARN_UNUSED_VARIABLE = YES;
				IPHONEOS_DEPLOYMENT_TARGET = 7.0;
				MTL_ENABLE_DEBUG_INFO = NO;
				SDKROOT = iphoneos;
				TARGETED_DEVICE_FAMILY = "1,2";
				VALIDATE_PRODUCT = YES;
			};
			name = Release;
		};
		78773DAA1BDDF8FF0018EC6E /* Debug */ = {
			isa = XCBuildConfiguration;
			buildSettings = {
				ASSETCATALOG_COMPILER_APPICON_NAME = AppIcon;
				ASSETCATALOG_COMPILER_LAUNCHIMAGE_NAME = "Brand Assets";
				CLANG_ENABLE_MODULES = YES;
				ENABLE_STRICT_OBJC_MSGSEND = NO;
				INFOPLIST_FILE = BJNotification/Info.plist;
				IPHONEOS_DEPLOYMENT_TARGET = 8.0;
				LD_RUNPATH_SEARCH_PATHS = "$(inherited) @executable_path/Frameworks";
				PRODUCT_BUNDLE_IDENTIFIER = "com.beijiahiddink.$(PRODUCT_NAME:rfc1034identifier)";
				PRODUCT_NAME = "$(TARGET_NAME)";
				SWIFT_OPTIMIZATION_LEVEL = "-Onone";
			};
			name = Debug;
		};
		78773DAB1BDDF8FF0018EC6E /* Release */ = {
			isa = XCBuildConfiguration;
			buildSettings = {
				ASSETCATALOG_COMPILER_APPICON_NAME = AppIcon;
				ASSETCATALOG_COMPILER_LAUNCHIMAGE_NAME = "Brand Assets";
				CLANG_ENABLE_MODULES = YES;
				ENABLE_STRICT_OBJC_MSGSEND = NO;
				INFOPLIST_FILE = BJNotification/Info.plist;
				IPHONEOS_DEPLOYMENT_TARGET = 8.0;
				LD_RUNPATH_SEARCH_PATHS = "$(inherited) @executable_path/Frameworks";
				PRODUCT_BUNDLE_IDENTIFIER = "com.beijiahiddink.$(PRODUCT_NAME:rfc1034identifier)";
				PRODUCT_NAME = "$(TARGET_NAME)";
			};
			name = Release;
		};
		78773DAD1BDDF8FF0018EC6E /* Debug */ = {
			isa = XCBuildConfiguration;
			buildSettings = {
				BUNDLE_LOADER = "$(TEST_HOST)";
				FRAMEWORK_SEARCH_PATHS = (
					"$(SDKROOT)/Developer/Library/Frameworks",
					"$(inherited)",
				);
				GCC_PREPROCESSOR_DEFINITIONS = (
					"DEBUG=1",
					"$(inherited)",
				);
				INFOPLIST_FILE = BJNotificationTests/Info.plist;
				LD_RUNPATH_SEARCH_PATHS = "$(inherited) @executable_path/Frameworks @loader_path/Frameworks";
				PRODUCT_BUNDLE_IDENTIFIER = "com.beijiahiddink.$(PRODUCT_NAME:rfc1034identifier)";
				PRODUCT_NAME = "$(TARGET_NAME)";
				TEST_HOST = "$(BUILT_PRODUCTS_DIR)/BJNotification.app/BJNotification";
			};
			name = Debug;
		};
		78773DAE1BDDF8FF0018EC6E /* Release */ = {
			isa = XCBuildConfiguration;
			buildSettings = {
				BUNDLE_LOADER = "$(TEST_HOST)";
				FRAMEWORK_SEARCH_PATHS = (
					"$(SDKROOT)/Developer/Library/Frameworks",
					"$(inherited)",
				);
				INFOPLIST_FILE = BJNotificationTests/Info.plist;
				LD_RUNPATH_SEARCH_PATHS = "$(inherited) @executable_path/Frameworks @loader_path/Frameworks";
				PRODUCT_BUNDLE_IDENTIFIER = "com.beijiahiddink.$(PRODUCT_NAME:rfc1034identifier)";
				PRODUCT_NAME = "$(TARGET_NAME)";
				TEST_HOST = "$(BUILT_PRODUCTS_DIR)/BJNotification.app/BJNotification";
			};
			name = Release;
		};
/* End XCBuildConfiguration section */

/* Begin XCConfigurationList section */
		78773D811BDDF8FF0018EC6E /* Build configuration list for PBXProject "BJNotification" */ = {
			isa = XCConfigurationList;
			buildConfigurations = (
				78773DA71BDDF8FF0018EC6E /* Debug */,
				78773DA81BDDF8FF0018EC6E /* Release */,
			);
			defaultConfigurationIsVisible = 0;
			defaultConfigurationName = Release;
		};
		78773DA91BDDF8FF0018EC6E /* Build configuration list for PBXNativeTarget "BJNotification" */ = {
			isa = XCConfigurationList;
			buildConfigurations = (
				78773DAA1BDDF8FF0018EC6E /* Debug */,
				78773DAB1BDDF8FF0018EC6E /* Release */,
			);
			defaultConfigurationIsVisible = 0;
			defaultConfigurationName = Release;
		};
		78773DAC1BDDF8FF0018EC6E /* Build configuration list for PBXNativeTarget "BJNotificationTests" */ = {
			isa = XCConfigurationList;
			buildConfigurations = (
				78773DAD1BDDF8FF0018EC6E /* Debug */,
				78773DAE1BDDF8FF0018EC6E /* Release */,
			);
			defaultConfigurationIsVisible = 0;
			defaultConfigurationName = Release;
		};
/* End XCConfigurationList section */
	};
	rootObject = 78773D7E1BDDF8FF0018EC6E /* Project object */;
}
